PODS:
  - BXCodeScanner (1.0.0):
    - PinAuto (~> 2.0)
  - PinAuto (2.0)

DEPENDENCIES:
  - BXCodeScanner (from `../`)

EXTERNAL SOURCES:
  BXCodeScanner:
    :path: ../

SPEC CHECKSUMS:
  BXCodeScanner: 920e4a1e047218816c662494b0890de1aec52ad7
  PinAuto: c17b09abc2710d60f523f397890bca0572d489e3

PODFILE CHECKSUM: 7eb1efd6479cc546add8f009517e4f625d104044

COCOAPODS: 1.1.0.rc.2
